Microsoft Visual Studio Solution File, Format Version 11.00
# Visual Studio 2008

Project("{5EE1878A-3501-C7DA-3F91-E916706115DF}") = "AVPro", "Assembly-CSharp.csproj", "{C5A0154A-7638-448E-ECB3-3C13C0B1BACD}"
EndProject
Project("{5EE1878A-3501-C7DA-3F91-E916706115DF}") = "AVPro", "Assembly-CSharp-Editor.csproj", "{D80756F8-ED15-516A-1DD1-3B8A588D3659}"
EndProject
Global
	GlobalSection(SolutionConfigurationPlatforms) = preSolution
		Debug|Any CPU = Debug|Any CPU
		Release|Any CPU = Release|Any CPU
	EndGlobalSection
	GlobalSection(ProjectConfigurationPlatforms) = postSolution
		{C5A0154A-7638-448E-ECB3-3C13C0B1BACD}.Debug|Any CPU.ActiveCfg = Debug|Any CPU
		{C5A0154A-7638-448E-ECB3-3C13C0B1BACD}.Debug|Any CPU.Build.0 = Debug|Any CPU
		{C5A0154A-7638-448E-ECB3-3C13C0B1BACD}.Release|Any CPU.ActiveCfg = Release|Any CPU
		{C5A0154A-7638-448E-ECB3-3C13C0B1BACD}.Release|Any CPU.Build.0 = Release|Any CPU
		{D80756F8-ED15-516A-1DD1-3B8A588D3659}.Debug|Any CPU.ActiveCfg = Debug|Any CPU
		{D80756F8-ED15-516A-1DD1-3B8A588D3659}.Debug|Any CPU.Build.0 = Debug|Any CPU
		{D80756F8-ED15-516A-1DD1-3B8A588D3659}.Release|Any CPU.ActiveCfg = Release|Any CPU
		{D80756F8-ED15-516A-1DD1-3B8A588D3659}.Release|Any CPU.Build.0 = Release|Any CPU
	EndGlobalSection
	GlobalSection(SolutionProperties) = preSolution
		HideSolutionNode = FALSE
	EndGlobalSection
	GlobalSection(MonoDevelopProperties) = preSolution
		StartupItem = Assembly-CSharp.csproj
	EndGlobalSection
EndGlobal
